<?xml version="1.0" encoding="utf-8"?>
<Project ToolsVersion="4.0" xmlns="http://schemas.microsoft.com/developer/msbuild/2003">
  <ItemGroup>
    <Filter Include="Resource Files">
      <UniqueIdentifier>{67DA6AB6-F800-4c08-8B7A-83BB121AAD01}</UniqueIdentifier>
      <Extensions>rc;ico;cur;bmp;dlg;rc2;rct;bin;rgs;gif;jpg;jpeg;jpe;resx;tiff;tif;png;wav;mfcribbon-ms</Extensions>
    </Filter>
    <Filter Include="DreamEngine">
      <UniqueIdentifier>{93995380-89BD-4b04-88EB-625FBE52EBFB}</UniqueIdentifier>
      <Extensions>h;hh;hpp;hxx;hm;inl;inc;xsd</Extensions>
    </Filter>
    <Filter Include="DreamEngine\Core">
      <UniqueIdentifier>{f1115274-8770-4b67-a0f9-1cb15e92d298}</UniqueIdentifier>
    </Filter>
    <Filter Include="DreamEngine\Core\Objects">
      <UniqueIdentifier>{fb6d4c52-4ab7-44b8-b744-f251a9b30ef6}</UniqueIdentifier>
    </Filter>
    <Filter Include="DreamEngine\Core\Scene">
      <UniqueIdentifier>{228a80d4-ea9e-436f-a04f-9034c7b582d9}</UniqueIdentifier>
    </Filter>
    <Filter Include="DreamEngine\Core\data">
      <UniqueIdentifier>{a5e9a5eb-b9af-4d26-b353-72da8693a057}</UniqueIdentifier>
    </Filter>
    <Filter Include="DreamEngine\Core\Components">
      <UniqueIdentifier>{bc3c81aa-2653-4a0a-be11-0b4928915884}</UniqueIdentifier>
    </Filter>
    <Filter Include="DreamEngine\Core\Drawable">
      <UniqueIdentifier>{4f3cf111-63f0-4d84-ae13-079879cde534}</UniqueIdentifier>
    </Filter>
    <Filter Include="DreamEngine\Core\Window">
      <UniqueIdentifier>{2a054f6e-a9ad-4ae9-823b-036c5559484a}</UniqueIdentifier>
    </Filter>
    <Filter Include="DreamEngine\Core\Sprite">
      <UniqueIdentifier>{00cad4ff-ec79-43bc-8abd-daf17489486d}</UniqueIdentifier>
    </Filter>
    <Filter Include="DreamEngine\Basic">
      <UniqueIdentifier>{41d74c5e-1ea6-4b65-a522-203e3342b484}</UniqueIdentifier>
    </Filter>
    <Filter Include="DreamEngine\Basic\Scene">
      <UniqueIdentifier>{481f0646-08d6-4a84-ab70-63683e55c157}</UniqueIdentifier>
    </Filter>
    <Filter Include="DreamEngine\Basic\Drawable">
      <UniqueIdentifier>{1f74b7f3-2f8a-4e5e-9cd0-b724a4b10efc}</UniqueIdentifier>
    </Filter>
    <Filter Include="Source Files">
      <UniqueIdentifier>{23f7e06d-afb4-4831-8559-c800b7cedf17}</UniqueIdentifier>
    </Filter>
    <Filter Include="DreamEngine\Basic\data">
      <UniqueIdentifier>{7da74a79-0400-4577-972b-146a25aaf083}</UniqueIdentifier>
    </Filter>
    <Filter Include="DreamEngine\Basic\Window">
      <UniqueIdentifier>{f0c9cb32-a1f3-4ece-8c4d-53e23f39106f}</UniqueIdentifier>
    </Filter>
    <Filter Include="saves">
      <UniqueIdentifier>{c9403a73-fd28-4c66-b30a-5cef18f1d3f2}</UniqueIdentifier>
    </Filter>
    <Filter Include="Header Files">
      <UniqueIdentifier>{ac129903-0638-4524-a409-e1528344d3bd}</UniqueIdentifier>
    </Filter>
    <Filter Include="DreamEngine\Basic\Shaders">
      <UniqueIdentifier>{2e15c8d0-33fd-432b-b4e2-75e8bbd978e9}</UniqueIdentifier>
    </Filter>
    <Filter Include="DreamEngine\Basic\Sprite">
      <UniqueIdentifier>{7614d636-80bd-40da-8aad-b1edc6332e28}</UniqueIdentifier>
    </Filter>
    <Filter Include="assets">
      <UniqueIdentifier>{aa7e1782-43d9-40fc-8fa6-4a8e1b4b87d4}</UniqueIdentifier>
    </Filter>
    <Filter Include="DreamEngine\Sprite Animator">
      <UniqueIdentifier>{4b6caf9f-e27c-4164-b9f8-1e4fa973ced8}</UniqueIdentifier>
    </Filter>
    <Filter Include="DreamEngine\Game">
      <UniqueIdentifier>{1985698b-f238-4fb1-a42c-eaef49818de5}</UniqueIdentifier>
    </Filter>
    <Filter Include="DreamEngine\Source Files">
      <UniqueIdentifier>{4FC737F1-C7A5-4376-A066-2A32D752A2FF}</UniqueIdentifier>
      <Extensions>cpp;c;cc;cxx;def;odl;idl;hpj;bat;asm;asmx</Extensions>
    </Filter>
    <Filter Include="DreamEngine\Menu">
      <UniqueIdentifier>{553e4464-89f8-4715-abd3-8013cf3eb5bb}</UniqueIdentifier>
    </Filter>
    <Filter Include="DreamEngine\ui">
      <UniqueIdentifier>{acf7cd6a-8a90-41d7-aaf9-ce31c752d7ba}</UniqueIdentifier>
    </Filter>
  </ItemGroup>
  <ItemGroup>
    <ClCompile Include="ObjectManager.cpp">
      <Filter>DreamEngine\Source Files</Filter>
    </ClCompile>
    <ClCompile Include="CoreScene.cpp">
      <Filter>DreamEngine\Source Files</Filter>
    </ClCompile>
    <ClCompile Include="ObjectData.cpp">
      <Filter>DreamEngine\Source Files</Filter>
    </ClCompile>
    <ClCompile Include="Actor.cpp">
      <Filter>DreamEngine\Source Files</Filter>
    </ClCompile>
    <ClCompile Include="Shape.cpp">
      <Filter>DreamEngine\Source Files</Filter>
    </ClCompile>
    <ClCompile Include="CoreObject.cpp">
      <Filter>DreamEngine\Source Files</Filter>
    </ClCompile>
    <ClCompile Include="CoreDrawable.cpp">
      <Filter>DreamEngine\Source Files</Filter>
    </ClCompile>
    <ClCompile Include="Animation.cpp">
      <Filter>DreamEngine\Source Files</Filter>
    </ClCompile>
    <ClCompile Include="AnimationManager.cpp">
      <Filter>DreamEngine\Source Files</Filter>
    </ClCompile>
    <ClCompile Include="BodyBuilder.cpp">
      <Filter>DreamEngine\Source Files</Filter>
    </ClCompile>
    <ClCompile Include="Camera.cpp">
      <Filter>DreamEngine\Source Files</Filter>
    </ClCompile>
    <ClCompile Include="CollisionListener.cpp">
      <Filter>DreamEngine\Source Files</Filter>
    </ClCompile>
    <ClCompile Include="Engine.cpp">
      <Filter>DreamEngine\Source Files</Filter>
    </ClCompile>
    <ClCompile Include="Font.cpp">
      <Filter>DreamEngine\Source Files</Filter>
    </ClCompile>
    <ClCompile Include="FPSCounter.cpp">
      <Filter>DreamEngine\Source Files</Filter>
    </ClCompile>
    <ClCompile Include="Mouse.cpp">
      <Filter>DreamEngine\Source Files</Filter>
    </ClCompile>
    <ClCompile Include="Sprite.cpp">
      <Filter>DreamEngine\Source Files</Filter>
    </ClCompile>
    <ClCompile Include="Text.cpp">
      <Filter>DreamEngine\Source Files</Filter>
    </ClCompile>
    <ClCompile Include="Timer.cpp">
      <Filter>DreamEngine\Source Files</Filter>
    </ClCompile>
    <ClCompile Include="SceneManager.cpp">
      <Filter>DreamEngine\Source Files</Filter>
    </ClCompile>
    <ClCompile Include="Drawable.cpp">
      <Filter>DreamEngine\Source Files</Filter>
    </ClCompile>
    <ClCompile Include="Main.cpp">
      <Filter>Source Files</Filter>
    </ClCompile>
    <ClCompile Include="CameraManager.cpp">
      <Filter>DreamEngine\Source Files</Filter>
    </ClCompile>
    <ClCompile Include="ObjectBuilder.cpp">
      <Filter>DreamEngine\Source Files</Filter>
    </ClCompile>
    <ClCompile Include="DataManager.cpp">
      <Filter>DreamEngine\Source Files</Filter>
    </ClCompile>
    <ClCompile Include="Window.cpp">
      <Filter>DreamEngine\Source Files</Filter>
    </ClCompile>
    <ClCompile Include="Builder.cpp">
      <Filter>DreamEngine\Source Files</Filter>
    </ClCompile>
    <ClCompile Include="PolygonDrawableBuilder.cpp">
      <Filter>Source Files</Filter>
    </ClCompile>
    <ClCompile Include="DefaultScene.cpp">
      <Filter>DreamEngine\Source Files</Filter>
    </ClCompile>
    <ClCompile Include="WorldObjectManager.cpp">
      <Filter>DreamEngine\Source Files</Filter>
    </ClCompile>
    <ClCompile Include="DrawableManager.cpp">
      <Filter>DreamEngine\Source Files</Filter>
    </ClCompile>
    <ClCompile Include="PolygonDrawable.cpp">
      <Filter>Source Files</Filter>
    </ClCompile>
    <ClCompile Include="PolygonShape.cpp">
      <Filter>Source Files</Filter>
    </ClCompile>
    <ClCompile Include="PolygonShapeBuilder.cpp">
      <Filter>Source Files</Filter>
    </ClCompile>
    <ClCompile Include="WorldObject.cpp">
      <Filter>DreamEngine\Source Files</Filter>
    </ClCompile>
    <ClCompile Include="SpriteBuilder.cpp">
      <Filter>DreamEngine\Source Files</Filter>
    </ClCompile>
    <ClCompile Include="Shader.cpp">
      <Filter>DreamEngine\Source Files</Filter>
    </ClCompile>
    <ClCompile Include="Effect.cpp">
      <Filter>Source Files</Filter>
    </ClCompile>
    <ClCompile Include="GameTest.cpp">
      <Filter>DreamEngine\Source Files</Filter>
    </ClCompile>
    <ClCompile Include="Editor.cpp">
      <Filter>DreamEngine\Source Files</Filter>
    </ClCompile>
    <ClCompile Include="CoreButton.cpp">
      <Filter>DreamEngine\Source Files</Filter>
    </ClCompile>
    <ClCompile Include="ButtonsManager.cpp">
      <Filter>DreamEngine\Source Files</Filter>
    </ClCompile>
    <ClCompile Include="Panel.cpp">
      <Filter>DreamEngine\Source Files</Filter>
    </ClCompile>
    <ClCompile Include="UI.cpp">
      <Filter>DreamEngine\Source Files</Filter>
    </ClCompile>
    <ClCompile Include="PanelScene.cpp">
      <Filter>DreamEngine\Source Files</Filter>
    </ClCompile>
  </ItemGroup>
  <ItemGroup>
    <ClInclude Include="Objects.h">
      <Filter>DreamEngine\Core\Objects</Filter>
    </ClInclude>
    <ClInclude Include="CoreObject.h">
      <Filter>DreamEngine\Core\Objects</Filter>
    </ClInclude>
    <ClInclude Include="ObjectManager.h">
      <Filter>DreamEngine\Core\Objects</Filter>
    </ClInclude>
    <ClInclude Include="CoreScene.h">
      <Filter>DreamEngine\Core\Scene</Filter>
    </ClInclude>
    <ClInclude Include="CoreDataManager.h">
      <Filter>DreamEngine\Core\data</Filter>
    </ClInclude>
    <ClInclude Include="ObjectData.h">
      <Filter>DreamEngine\Core\data</Filter>
    </ClInclude>
    <ClInclude Include="Pair.h">
      <Filter>DreamEngine\Core\Components</Filter>
    </ClInclude>
    <ClInclude Include="Actor.h">
      <Filter>DreamEngine\Core\Objects</Filter>
    </ClInclude>
    <ClInclude Include="Shape.h">
      <Filter>DreamEngine\Core\Objects</Filter>
    </ClInclude>
    <ClInclude Include="CoreDrawable.h">
      <Filter>DreamEngine\Core\Drawable</Filter>
    </ClInclude>
    <ClInclude Include="CoreWindow.h">
      <Filter>DreamEngine\Core\Window</Filter>
    </ClInclude>
    <ClInclude Include="Animation.h">
      <Filter>DreamEngine\Core\Sprite</Filter>
    </ClInclude>
    <ClInclude Include="AnimationManager.h">
      <Filter>DreamEngine\Core\Sprite</Filter>
    </ClInclude>
    <ClInclude Include="FPSCounter.h">
      <Filter>DreamEngine\Core\Window</Filter>
    </ClInclude>
    <ClInclude Include="Timer.h">
      <Filter>DreamEngine\Core\Components</Filter>
    </ClInclude>
    <ClInclude Include="Text.h">
      <Filter>DreamEngine\Core\Drawable</Filter>
    </ClInclude>
    <ClInclude Include="Mouse.h">
      <Filter>DreamEngine\Core\Components</Filter>
    </ClInclude>
    <ClInclude Include="BodyBuilder.h">
      <Filter>DreamEngine\Core\Components</Filter>
    </ClInclude>
    <ClInclude Include="Camera.h">
      <Filter>DreamEngine\Core\Window</Filter>
    </ClInclude>
    <ClInclude Include="CollisionListener.h">
      <Filter>DreamEngine\Core\Components</Filter>
    </ClInclude>
    <ClInclude Include="Font.h">
      <Filter>DreamEngine\Core\Drawable</Filter>
    </ClInclude>
    <ClInclude Include="Engine.h">
      <Filter>DreamEngine\Core\Components</Filter>
    </ClInclude>
    <ClInclude Include="CoreDreamEngine.h">
      <Filter>DreamEngine\Core</Filter>
    </ClInclude>
    <ClInclude Include="DreamEngine.h">
      <Filter>DreamEngine\Basic</Filter>
    </ClInclude>
    <ClInclude Include="CoreSceneManager.h">
      <Filter>DreamEngine\Core\Scene</Filter>
    </ClInclude>
    <ClInclude Include="SceneManager.h">
      <Filter>DreamEngine\Basic\Scene</Filter>
    </ClInclude>
    <ClInclude Include="CoreBuilder.h">
      <Filter>DreamEngine\Core\data</Filter>
    </ClInclude>
    <ClInclude Include="Drawable.h">
      <Filter>DreamEngine\Basic\Drawable</Filter>
    </ClInclude>
    <ClInclude Include="Builder.h">
      <Filter>DreamEngine\Basic\data</Filter>
    </ClInclude>
    <ClInclude Include="CameraManager.h">
      <Filter>DreamEngine\Core\Window</Filter>
    </ClInclude>
    <ClInclude Include="PairSorter.h">
      <Filter>DreamEngine\Core\Components</Filter>
    </ClInclude>
    <ClInclude Include="CoreObjectBuilder.h">
      <Filter>DreamEngine\Core\data</Filter>
    </ClInclude>
    <ClInclude Include="DataManager.h">
      <Filter>DreamEngine\Basic\data</Filter>
    </ClInclude>
    <ClInclude Include="ObjectBuilder.h">
      <Filter>DreamEngine\Basic\data</Filter>
    </ClInclude>
    <ClInclude Include="Window.h">
      <Filter>DreamEngine\Basic\Window</Filter>
    </ClInclude>
    <ClInclude Include="PolygonDrawableBuilder.h">
      <Filter>Header Files</Filter>
    </ClInclude>
    <ClInclude Include="DefaultScene.h">
      <Filter>DreamEngine\Basic\Scene</Filter>
    </ClInclude>
    <ClInclude Include="WorldObjectManager.h">
      <Filter>DreamEngine\Core\Objects</Filter>
    </ClInclude>
    <ClInclude Include="DrawableManager.h">
      <Filter>DreamEngine\Core\Drawable</Filter>
    </ClInclude>
    <ClInclude Include="PolygonDrawable.h">
      <Filter>Header Files</Filter>
    </ClInclude>
    <ClInclude Include="PolygonShape.h">
      <Filter>Header Files</Filter>
    </ClInclude>
    <ClInclude Include="PolygonShapeBuilder.h">
      <Filter>Header Files</Filter>
    </ClInclude>
    <ClInclude Include="WorldObject.h">
      <Filter>DreamEngine\Core\Objects</Filter>
    </ClInclude>
    <ClInclude Include="SpriteBuilder.h">
      <Filter>DreamEngine\Basic\Sprite</Filter>
    </ClInclude>
    <ClInclude Include="Shader.h">
      <Filter>DreamEngine\Core\Sprite</Filter>
    </ClInclude>
    <ClInclude Include="Sprite.h">
      <Filter>DreamEngine\Core\Sprite</Filter>
    </ClInclude>
    <ClInclude Include="Effect.hpp">
      <Filter>Header Files</Filter>
    </ClInclude>
    <ClInclude Include="GameTest.h">
      <Filter>DreamEngine\Game</Filter>
    </ClInclude>
    <ClInclude Include="Editor.h">
      <Filter>DreamEngine</Filter>
    </ClInclude>
    <ClInclude Include="CoreButton.h">
      <Filter>DreamEngine\Menu</Filter>
    </ClInclude>
    <ClInclude Include="ButtonsManager.h">
      <Filter>DreamEngine\Menu</Filter>
    </ClInclude>
    <ClInclude Include="Panel.h">
      <Filter>DreamEngine\ui</Filter>
    </ClInclude>
    <ClInclude Include="UI.h">
      <Filter>DreamEngine\ui</Filter>
    </ClInclude>
    <ClInclude Include="Launchable.h">
      <Filter>DreamEngine</Filter>
    </ClInclude>
    <ClInclude Include="PanelScene.h">
      <Filter>DreamEngine\ui</Filter>
    </ClInclude>
  </ItemGroup>
  <ItemGroup>
    <None Include="packages.config" />
    <None Include="shader.frag">
      <Filter>DreamEngine\Basic\Shaders</Filter>
    </None>
    <None Include="shader.vert">
      <Filter>DreamEngine\Basic\Shaders</Filter>
    </None>
  </ItemGroup>
  <ItemGroup>
    <Font Include="Raleway.ttf" />
  </ItemGroup>
  <ItemGroup>
    <Text Include="test.txt">
      <Filter>saves</Filter>
    </Text>
    <Text Include="shadow-test.lvl.txt">
      <Filter>saves</Filter>
    </Text>
  </ItemGroup>
  <ItemGroup>
    <Image Include="rubicscube.png">
      <Filter>assets</Filter>
    </Image>
    <Image Include="char.png">
      <Filter>assets</Filter>
    </Image>
    <Image Include="caveman.png">
      <Filter>assets</Filter>
    </Image>
  </ItemGroup>
</Project>